
Microsoft Visual Studio Solution File, Format Version 12.00
# Visual Studio Version 16
VisualStudioVersion = 16.0.31624.102
MinimumVisualStudioVersion = 10.0.40219.1
Project("{FAE04EC0-301F-11D3-BF4B-00C04F79EFBC}") = "Web", "Web\Web.csproj", "{4646542B-40D3-401B-A343-EA18110DEE2B}"
EndProject
Project("{FAE04EC0-301F-11D3-BF4B-00C04F79EFBC}") = "ApplicationCore", "ApplicationCore\ApplicationCore.csproj", "{B08FBF3C-831E-4CDB-9514-3FC12ABDB30A}"
EndProject
Project("{FAE04EC0-301F-11D3-BF4B-00C04F79EFBC}") = "Infraestructura", "Infraestructura\Infraestructura.csproj", "{5942D222-69AA-4162-8FC9-59040453A486}"
EndProject
Global
	GlobalSection(SolutionConfigurationPlatforms) = preSolution
		Debug|Any CPU = Debug|Any CPU
		Release|Any CPU = Release|Any CPU
	EndGlobalSection
	GlobalSection(ProjectConfigurationPlatforms) = postSolution
		{4646542B-40D3-401B-A343-EA18110DEE2B}.Debug|Any CPU.ActiveCfg = Debug|Any CPU
		{4646542B-40D3-401B-A343-EA18110DEE2B}.Debug|Any CPU.Build.0 = Debug|Any CPU
		{4646542B-40D3-401B-A343-EA18110DEE2B}.Release|Any CPU.ActiveCfg = Release|Any CPU
		{4646542B-40D3-401B-A343-EA18110DEE2B}.Release|Any CPU.Build.0 = Release|Any CPU
		{B08FBF3C-831E-4CDB-9514-3FC12ABDB30A}.Debug|Any CPU.ActiveCfg = Debug|Any CPU
		{B08FBF3C-831E-4CDB-9514-3FC12ABDB30A}.Debug|Any CPU.Build.0 = Debug|Any CPU
		{B08FBF3C-831E-4CDB-9514-3FC12ABDB30A}.Release|Any CPU.ActiveCfg = Release|Any CPU
		{B08FBF3C-831E-4CDB-9514-3FC12ABDB30A}.Release|Any CPU.Build.0 = Release|Any CPU
		{5942D222-69AA-4162-8FC9-59040453A486}.Debug|Any CPU.ActiveCfg = Debug|Any CPU
		{5942D222-69AA-4162-8FC9-59040453A486}.Debug|Any CPU.Build.0 = Debug|Any CPU
		{5942D222-69AA-4162-8FC9-59040453A486}.Release|Any CPU.ActiveCfg = Release|Any CPU
		{5942D222-69AA-4162-8FC9-59040453A486}.Release|Any CPU.Build.0 = Release|Any CPU
	EndGlobalSection
	GlobalSection(SolutionProperties) = preSolution
		HideSolutionNode = FALSE
	EndGlobalSection
	GlobalSection(ExtensibilityGlobals) = postSolution
		SolutionGuid = {5FA0DC95-04F6-4D9F-8D23-5A441E5FC0EB}
	EndGlobalSection
EndGlobal
